
Microsoft Visual Studio Solution File, Format Version 12.00
# Visual Studio Version 16
VisualStudioVersion = 16.0.31410.357
MinimumVisualStudioVersion = 10.0.40219.1
Project("{FAE04EC0-301F-11D3-BF4B-00C04F79EFBC}") = "SpeechRecognition Project", "WindowsFormsApp1\SpeechRecognition Project.csproj", "{52DE0252-A72F-485A-8FC4-57CC0B38893F}"
EndProject
Global
	GlobalSection(SolutionConfigurationPlatforms) = preSolution
		Debug|Any CPU = Debug|Any CPU
		Release|Any CPU = Release|Any CPU
	EndGlobalSection
	GlobalSection(ProjectConfigurationPlatforms) = postSolution
		{52DE0252-A72F-485A-8FC4-57CC0B38893F}.Debug|Any CPU.ActiveCfg = Debug|Any CPU
		{52DE0252-A72F-485A-8FC4-57CC0B38893F}.Debug|Any CPU.Build.0 = Debug|Any CPU
		{52DE0252-A72F-485A-8FC4-57CC0B38893F}.Release|Any CPU.ActiveCfg = Release|Any CPU
		{52DE0252-A72F-485A-8FC4-57CC0B38893F}.Release|Any CPU.Build.0 = Release|Any CPU
	EndGlobalSection
	GlobalSection(SolutionProperties) = preSolution
		HideSolutionNode = FALSE
	EndGlobalSection
	GlobalSection(ExtensibilityGlobals) = postSolution
		SolutionGuid = {4B95DDA1-E248-4417-8292-0D2BC6310D22}
	EndGlobalSection
EndGlobal
